
Microsoft Visual Studio Solution File, Format Version 12.00
# Visual Studio Version 16
VisualStudioVersion = 16.0.30413.136
MinimumVisualStudioVersion = 10.0.40219.1
Project("{FAE04EC0-301F-11D3-BF4B-00C04F79EFBC}") = "primeiro", "primeiro\primeiro.csproj", "{7AFFFBAD-3D44-4F5F-9586-DF3585832EB7}"
EndProject
Global
	GlobalSection(SolutionConfigurationPlatforms) = preSolution
		Debug|Any CPU = Debug|Any CPU
		Release|Any CPU = Release|Any CPU
	EndGlobalSection
	GlobalSection(ProjectConfigurationPlatforms) = postSolution
		{7AFFFBAD-3D44-4F5F-9586-DF3585832EB7}.Debug|Any CPU.ActiveCfg = Debug|Any CPU
		{7AFFFBAD-3D44-4F5F-9586-DF3585832EB7}.Debug|Any CPU.Build.0 = Debug|Any CPU
		{7AFFFBAD-3D44-4F5F-9586-DF3585832EB7}.Release|Any CPU.ActiveCfg = Release|Any CPU
		{7AFFFBAD-3D44-4F5F-9586-DF3585832EB7}.Release|Any CPU.Build.0 = Release|Any CPU
	EndGlobalSection
	GlobalSection(SolutionProperties) = preSolution
		HideSolutionNode = FALSE
	EndGlobalSection
	GlobalSection(ExtensibilityGlobals) = postSolution
		SolutionGuid = {38AA25DE-6CA8-492A-A41E-45E6C6745093}
	EndGlobalSection
EndGlobal
